
Microsoft Visual Studio Solution File, Format Version 12.00
# Visual Studio Version 16
VisualStudioVersion = 16.0.31424.327
MinimumVisualStudioVersion = 10.0.40219.1
Project("{FAE04EC0-301F-11D3-BF4B-00C04F79EFBC}") = "EncryptDecryptPassword", "EncryptDecryptPassword\EncryptDecryptPassword.csproj", "{A42E0DA6-98C7-4753-BCAA-EE3CD41120CA}"
EndProject
Global
	GlobalSection(SolutionConfigurationPlatforms) = preSolution
		Debug|Any CPU = Debug|Any CPU
		Release|Any CPU = Release|Any CPU
	EndGlobalSection
	GlobalSection(ProjectConfigurationPlatforms) = postSolution
		{A42E0DA6-98C7-4753-BCAA-EE3CD41120CA}.Debug|Any CPU.ActiveCfg = Debug|Any CPU
		{A42E0DA6-98C7-4753-BCAA-EE3CD41120CA}.Debug|Any CPU.Build.0 = Debug|Any CPU
		{A42E0DA6-98C7-4753-BCAA-EE3CD41120CA}.Release|Any CPU.ActiveCfg = Release|Any CPU
		{A42E0DA6-98C7-4753-BCAA-EE3CD41120CA}.Release|Any CPU.Build.0 = Release|Any CPU
	EndGlobalSection
	GlobalSection(SolutionProperties) = preSolution
		HideSolutionNode = FALSE
	EndGlobalSection
	GlobalSection(ExtensibilityGlobals) = postSolution
		SolutionGuid = {17B60A2F-DED9-438C-8200-463D0D5C5F25}
	EndGlobalSection
EndGlobal
